---
ID: "b9bee1fa-9d3f-4d29-87f2-436a73d458a2"
Parent: "5b2102a8-73b8-42a8-a150-67516452b20f"
Template: "ab86861a-6030-46c5-b394-e8f99e8b87db"
Path: "/sitecore/templates/Project/fmc-custom-demo/Components/Content/DualPromoBlock"
SharedFields:
- ID: "12c33f3f-86c5-43a5-aeb4-5598cec45116"
  Hint: __Base template
  Value: |
    {1930BBEB-7805-471A-A3BE-4858AC7CF696}
    {44A022DB-56D3-419A-B43B-E27E4D8E9C41}
- ID: "dbbbeca1-21c7-4906-9dd2-493c1efa59a2"
  Hint: __Shared revision
  Value: "7b0b7191-9027-4eba-9ec2-7641a8bd9c47"
Languages:
- Language: en
  Versions:
  - Version: 1
    Fields:
    - ID: "25bed78c-4957-4165-998a-ca1b52f67497"
      Hint: __Created
      Value: 20260512T213006Z
    - ID: "52807595-0f8f-4b20-8d2a-cb71d28c6103"
      Hint: __Owner
      Value: |
        sitecore\federico.mujica@sitecore.com
    - ID: "5dd74568-4d4b-44c1-b513-0af5f4cda34f"
      Hint: __Created by
      Value: |
        sitecore\federico.mujica@sitecore.com
    - ID: "8cdc337e-a112-42fb-bbb4-4143751e123f"
      Hint: __Revision
      Value: "05a983a4-6109-4e51-a89c-d2a724998e4b"
    - ID: "badd9cf9-53e0-4d0c-bcc0-2d784c282f6a"
      Hint: __Updated by
      Value: |
        sitecore\federico.mujica@sitecore.com
    - ID: "d9cf14b1-fa16-4ba6-9288-e8a174d4d522"
      Hint: __Updated
      Value: 20260512T213054Z
